{
  "requires": true,
  "lockfileVersion": 1,
  "dependencies": {
    "js-tokens": {
      "version": "4.0.0",
      "resolved": "https://registry.npmjs.org/js-tokens/-/js-tokens-4.0.0.tgz",
      "integrity": "sha512-RdJUflcE3cUzKiMqQgsCu06FPu9UdIJO0beYbPhHN4k6apgJtifcoCtT9bcxOpYBtpD2kCM6Sbzg4CausW/PKQ=="
    },
    "loose-envify": {
      "version": "1.4.0",
      "resolved": "https://registry.npmjs.org/loose-envify/-/loose-envify-1.4.0.tgz",
      "integrity": "sha512-lyuxPGr/Wfhrlem2CL/UcnUc1zcqKAImBDzukY7Y5F/yQiNdko6+fRLevlw1HgMySw7f611UIY408EtxRSoK3Q==",
      "requires": {
        "js-tokens": "^3.0.0 || ^4.0.0"
      }
    },
    "object-assign": {
      "version": "4.1.1",
      "resolved": "https://registry.npmjs.org/object-assign/-/object-assign-4.1.1.tgz",
      "integrity": "sha1-IQmtx5ZYh8/AXLvUQsrIv7s2CGM="
    },
    "react": {
      "version": "0.0.0-experimental-33c3af284",
      "resolved": "https://registry.npmjs.org/react/-/react-0.0.0-experimental-33c3af284.tgz",
      "integrity": "sha512-dk0eQhyiA05TYtSWShwfl4vxlJAOrwNLtESbWxM6O06Xn0nuzlXYZUjsY3sJkZrpXK0kywZ+Hbs24tA8u/1KzQ==",
      "requires": {
        "loose-envify": "^1.1.0",
        "object-assign": "^4.1.1"
      }
    },
    "react-dom": {
      "version": "0.0.0-experimental-33c3af284",
      "resolved": "https://registry.npmjs.org/react-dom/-/react-dom-0.0.0-experimental-33c3af284.tgz",
      "integrity": "sha512-z1/EQD8iKjqkRRd/lEs6oh4FNcS9tPmO91219w4UlLhP0g28wTWClJOYDEnKgQh2nJeZQ5MlBDECIRZYwrZp5A==",
      "requires": {
        "loose-envify": "^1.1.0",
        "object-assign": "^4.1.1",
        "scheduler": "0.0.0-experimental-33c3af284"
      }
    },
    "scheduler": {
      "version": "0.0.0-experimental-33c3af284",
      "resolved": "https://registry.npmjs.org/scheduler/-/scheduler-0.0.0-experimental-33c3af284.tgz",
      "integrity": "sha512-m9eyhFt9uGi9y3HcN9hMrbnw1AbFEWcWn+IjF1N+GGVGfQmgB0F/mQ9rQkmrX7gPNIDBKwlFdOsrENtHTn4XUQ==",
      "requires": {
        "loose-envify": "^1.1.0",
        "object-assign": "^4.1.1"
      }
    }
  }
}
